// !$*UTF8*$!
{
	archiveVersion = 1;
	classes = {
	};
	objectVersion = 46;
	objects = {

/* Begin PBXBuildFile section */
		1B1670A719AC42A900B7737A /* AppDelegate.swift in Sources */ = {isa = PBXBuildFile; fileRef = 1B1670A619AC42A900B7737A /* AppDelegate.swift */; };
		1B1670A919AC42A900B7737A /* SearchResultsViewController.swift in Sources */ = {isa = PBXBuildFile; fileRef = 1B1670A819AC42A900B7737A /* SearchResultsViewController.swift */; };
		1B1670AC19AC42A900B7737A /* Main.storyboard in Resources */ = {isa = PBXBuildFile; fileRef = 1B1670AA19AC42A900B7737A /* Main.storyboard */; };
		1B1670AE19AC42A900B7737A /* Images.xcassets in Resources */ = {isa = PBXBuildFile; fileRef = 1B1670AD19AC42A900B7737A /* Images.xcassets */; };
		1B1670BA19AC42A900B7737A /* MyFirstAppTests.swift in Sources */ = {isa = PBXBuildFile; fileRef = 1B1670B919AC42A900B7737A /* MyFirstAppTests.swift */; };
		1B1670C419AC4C7700B7737A /* APIController.swift in Sources */ = {isa = PBXBuildFile; fileRef = 1B1670C319AC4C7700B7737A /* APIController.swift */; };
/* End PBXBuildFile section */

/* Begin PBXContainerItemProxy section */
		1B1670B419AC42A900B7737A /* PBXContainerItemProxy */ = {
			isa = PBXContainerItemProxy;
			containerPortal = 1B16709919AC42A900B7737A /* Project object */;
			proxyType = 1;
			remoteGlobalIDString = 1B1670A019AC42A900B7737A;
			remoteInfo = MyFirstApp;
		};
/* End PBXContainerItemProxy section */

/* Begin PBXFileReference section */
		1B1670A119AC42A900B7737A /* MyFirstApp.app */ = {isa = PBXFileReference; explicitFileType = wrapper.application; includeInIndex = 0; path = MyFirstApp.app; sourceTree = BUILT_PRODUCTS_DIR; };
		1B1670A519AC42A900B7737A /* Info.plist */ = {isa = PBXFileReference; lastKnownFileType = text.plist.xml; path = Info.plist; sourceTree = "<group>"; };
		1B1670A619AC42A900B7737A /* AppDelegate.swift */ = {isa = PBXFileReference; lastKnownFileType = sourcecode.swift; path = AppDelegate.swift; sourceTree = "<group>"; };
		1B1670A819AC42A900B7737A /* SearchResultsViewController.swift */ = {isa = PBXFileReference; lastKnownFileType = sourcecode.swift; path = SearchResultsViewController.swift; sourceTree = "<group>"; };
		1B1670AB19AC42A900B7737A /* Base */ = {isa = PBXFileReference; lastKnownFileType = file.storyboard; name = Base; path = Base.lproj/Main.storyboard; sourceTree = "<group>"; };
		1B1670AD19AC42A900B7737A /* Images.xcassets */ = {isa = PBXFileReference; lastKnownFileType = folder.assetcatalog; path = Images.xcassets; sourceTree = "<group>"; };
		1B1670B319AC42A900B7737A /* MyFirstAppTests.xctest */ = {isa = PBXFileReference; explicitFileType = wrapper.cfbundle; includeInIndex = 0; path = MyFirstAppTests.xctest; sourceTree = BUILT_PRODUCTS_DIR; };
		1B1670B819AC42A900B7737A /* Info.plist */ = {isa = PBXFileReference; lastKnownFileType = text.plist.xml; path = Info.plist; sourceTree = "<group>"; };
		1B1670B919AC42A900B7737A /* MyFirstAppTests.swift */ = {isa = PBXFileReference; lastKnownFileType = sourcecode.swift; path = MyFirstAppTests.swift; sourceTree = "<group>"; };
		1B1670C319AC4C7700B7737A /* APIController.swift */ = {isa = PBXFileReference; fileEncoding = 4; lastKnownFileType = sourcecode.swift; path = APIController.swift; sourceTree = "<group>"; };
/* End PBXFileReference section */

/* Begin PBXFrameworksBuildPhase section */
		1B16709E19AC42A900B7737A /* Frameworks */ = {
			isa = PBXFrameworksBuildPhase;
			buildActionMask = 2147483647;
			files = (
			);
			runOnlyForDeploymentPostprocessing = 0;
		};
		1B1670B019AC42A900B7737A /* Frameworks */ = {
			isa = PBXFrameworksBuildPhase;
			buildActionMask = 2147483647;
			files = (
			);
			runOnlyForDeploymentPostprocessing = 0;
		};
/* End PBXFrameworksBuildPhase section */

/* Begin PBXGroup section */
		1B16709819AC42A900B7737A = {
			isa = PBXGroup;
			children = (
				1B1670A319AC42A900B7737A /* MyFirstApp */,
				1B1670B619AC42A900B7737A /* MyFirstAppTests */,
				1B1670A219AC42A900B7737A /* Products */,
			);
			sourceTree = "<group>";
		};
		1B1670A219AC42A900B7737A /* Products */ = {
			isa = PBXGroup;
			children = (
				1B1670A119AC42A900B7737A /* MyFirstApp.app */,
				1B1670B319AC42A900B7737A /* MyFirstAppTests.xctest */,
			);
			name = Products;
			sourceTree = "<group>";
		};
		1B1670A319AC42A900B7737A /* MyFirstApp */ = {
			isa = PBXGroup;
			children = (
				1B1670A619AC42A900B7737A /* AppDelegate.swift */,
				1B1670A819AC42A900B7737A /* SearchResultsViewController.swift */,
				1B1670AA19AC42A900B7737A /* Main.storyboard */,
				1B1670AD19AC42A900B7737A /* Images.xcassets */,
				1B1670A419AC42A900B7737A /* Supporting Files */,
				1B1670C319AC4C7700B7737A /* APIController.swift */,
			);
			path = MyFirstApp;
			sourceTree = "<group>";
		};
		1B1670A419AC42A900B7737A /* Supporting Files */ = {
			isa = PBXGroup;
			children = (
				1B1670A519AC42A900B7737A /* Info.plist */,
			);
			name = "Supporting Files";
			sourceTree = "<group>";
		};
		1B1670B619AC42A900B7737A /* MyFirstAppTests */ = {
			isa = PBXGroup;
			children = (
				1B1670B919AC42A900B7737A /* MyFirstAppTests.swift */,
				1B1670B719AC42A900B7737A /* Supporting Files */,
			);
			path = MyFirstAppTests;
			sourceTree = "<group>";
		};
		1B1670B719AC42A900B7737A /* Supporting Files */ = {
			isa = PBXGroup;
			children = (
				1B1670B819AC42A900B7737A /* Info.plist */,
			);
			name = "Supporting Files";
			sourceTree = "<group>";
		};
/* End PBXGroup section */

/* Begin PBXNativeTarget section */
		1B1670A019AC42A900B7737A /* MyFirstApp */ = {
			isa = PBXNativeTarget;
			buildConfigurationList = 1B1670BD19AC42A900B7737A /* Build configuration list for PBXNativeTarget "MyFirstApp" */;
			buildPhases = (
				1B16709D19AC42A900B7737A /* Sources */,
				1B16709E19AC42A900B7737A /* Frameworks */,
				1B16709F19AC42A900B7737A /* Resources */,
			);
			buildRules = (
			);
			dependencies = (
			);
			name = MyFirstApp;
			productName = MyFirstApp;
			productReference = 1B1670A119AC42A900B7737A /* MyFirstApp.app */;
			productType = "com.apple.product-type.application";
		};
		1B1670B219AC42A900B7737A /* MyFirstAppTests */ = {
			isa = PBXNativeTarget;
			buildConfigurationList = 1B1670C019AC42A900B7737A /* Build configuration list for PBXNativeTarget "MyFirstAppTests" */;
			buildPhases = (
				1B1670AF19AC42A900B7737A /* Sources */,
				1B1670B019AC42A900B7737A /* Frameworks */,
				1B1670B119AC42A900B7737A /* Resources */,
			);
			buildRules = (
			);
			dependencies = (
				1B1670B519AC42A900B7737A /* PBXTargetDependency */,
			);
			name = MyFirstAppTests;
			productName = MyFirstAppTests;
			productReference = 1B1670B319AC42A900B7737A /* MyFirstAppTests.xctest */;
			productType = "com.apple.product-type.bundle.unit-test";
		};
/* End PBXNativeTarget section */

/* Begin PBXProject section */
		1B16709919AC42A900B7737A /* Project object */ = {
			isa = PBXProject;
			attributes = {
				LastUpgradeCheck = 0600;
				ORGANIZATIONNAME = "Ryan Cheu";
				TargetAttributes = {
					1B1670A019AC42A900B7737A = {
						CreatedOnToolsVersion = 6.0;
					};
					1B1670B219AC42A900B7737A = {
						CreatedOnToolsVersion = 6.0;
						TestTargetID = 1B1670A019AC42A900B7737A;
					};
				};
			};
			buildConfigurationList = 1B16709C19AC42A900B7737A /* Build configuration list for PBXProject "MyFirstApp" */;
			compatibilityVersion = "Xcode 3.2";
			developmentRegion = English;
			hasScannedForEncodings = 0;
			knownRegions = (
				en,
				Base,
			);
			mainGroup = 1B16709819AC42A900B7737A;
			productRefGroup = 1B1670A219AC42A900B7737A /* Products */;
			projectDirPath = "";
			projectRoot = "";
			targets = (
				1B1670A019AC42A900B7737A /* MyFirstApp */,
				1B1670B219AC42A900B7737A /* MyFirstAppTests */,
			);
		};
/* End PBXProject section */

/* Begin PBXResourcesBuildPhase section */
		1B16709F19AC42A900B7737A /* Resources */ = {
			isa = PBXResourcesBuildPhase;
			buildActionMask = 2147483647;
			files = (
				1B1670AC19AC42A900B7737A /* Main.storyboard in Resources */,
				1B1670AE19AC42A900B7737A /* Images.xcassets in Resources */,
			);
			runOnlyForDeploymentPostprocessing = 0;
		};
		1B1670B119AC42A900B7737A /* Resources */ = {
			isa = PBXResourcesBuildPhase;
			buildActionMask = 2147483647;
			files = (
			);
			runOnlyForDeploymentPostprocessing = 0;
		};
/* End PBXResourcesBuildPhase section */

/* Begin PBXSourcesBuildPhase section */
		1B16709D19AC42A900B7737A /* Sources */ = {
			isa = PBXSourcesBuildPhase;
			buildActionMask = 2147483647;
			files = (
				1B1670A919AC42A900B7737A /* SearchResultsViewController.swift in Sources */,
				1B1670A719AC42A900B7737A /* AppDelegate.swift in Sources */,
				1B1670C419AC4C7700B7737A /* APIController.swift in Sources */,
			);
			runOnlyForDeploymentPostprocessing = 0;
		};
		1B1670AF19AC42A900B7737A /* Sources */ = {
			isa = PBXSourcesBuildPhase;
			buildActionMask = 2147483647;
			files = (
				1B1670BA19AC42A900B7737A /* MyFirstAppTests.swift in Sources */,
			);
			runOnlyForDeploymentPostprocessing = 0;
		};
/* End PBXSourcesBuildPhase section */

/* Begin PBXTargetDependency section */
		1B1670B519AC42A900B7737A /* PBXTargetDependency */ = {
			isa = PBXTargetDependency;
			target = 1B1670A019AC42A900B7737A /* MyFirstApp */;
			targetProxy = 1B1670B419AC42A900B7737A /* PBXContainerItemProxy */;
		};
/* End PBXTargetDependency section */

/* Begin PBXVariantGroup section */
		1B1670AA19AC42A900B7737A /* Main.storyboard */ = {
			isa = PBXVariantGroup;
			children = (
				1B1670AB19AC42A900B7737A /* Base */,
			);
			name = Main.storyboard;
			sourceTree = "<group>";
		};
/* End PBXVariantGroup section */

/* Begin XCBuildConfiguration section */
		1B1670BB19AC42A900B7737A /* Debug */ = {
			isa = XCBuildConfiguration;
			buildSettings = {
				ALWAYS_SEARCH_USER_PATHS = NO;
				CLANG_CXX_LANGUAGE_STANDARD = "gnu++0x";
				CLANG_CXX_LIBRARY = "libc++";
				CLANG_ENABLE_MODULES = YES;
				CLANG_ENABLE_OBJC_ARC = YES;
				CLANG_WARN_BOOL_CONVERSION = YES;
				CLANG_WARN_CONSTANT_CONVERSION = YES;
				CLANG_WARN_DIRECT_OBJC_ISA_USAGE = YES_ERROR;
				CLANG_WARN_EMPTY_BODY = YES;
				CLANG_WARN_ENUM_CONVERSION = YES;
				CLANG_WARN_INT_CONVERSION = YES;
				CLANG_WARN_OBJC_ROOT_CLASS = YES_ERROR;
				CLANG_WARN_UNREACHABLE_CODE = YES;
				CLANG_WARN__DUPLICATE_METHOD_MATCH = YES;
				"CODE_SIGN_IDENTITY[sdk=iphoneos*]" = "iPhone Developer";
				COPY_PHASE_STRIP = NO;
				ENABLE_STRICT_OBJC_MSGSEND = YES;
				GCC_C_LANGUAGE_STANDARD = gnu99;
				GCC_DYNAMIC_NO_PIC = NO;
				GCC_OPTIMIZATION_LEVEL = 0;
				GCC_PREPROCESSOR_DEFINITIONS = (
					"DEBUG=1",
					"$(inherited)",
				);
				GCC_SYMBOLS_PRIVATE_EXTERN = NO;
				GCC_WARN_64_TO_32_BIT_CONVERSION = YES;
				GCC_WARN_ABOUT_RETURN_TYPE = YES_ERROR;
				GCC_WARN_UNDECLARED_SELECTOR = YES;
				GCC_WARN_UNINITIALIZED_AUTOS = YES_AGGRESSIVE;
				GCC_WARN_UNUSED_FUNCTION = YES;
				GCC_WARN_UNUSED_VARIABLE = YES;
				IPHONEOS_DEPLOYMENT_TARGET = 8.0;
				MTL_ENABLE_DEBUG_INFO = YES;
				ONLY_ACTIVE_ARCH = YES;
				SDKROOT = iphoneos;
				SWIFT_OPTIMIZATION_LEVEL = "-Onone";
				TARGETED_DEVICE_FAMILY = "1,2";
			};
			name = Debug;
		};
		1B1670BC19AC42A900B7737A /* Release */ = {
			isa = XCBuildConfiguration;
			buildSettings = {
				ALWAYS_SEARCH_USER_PATHS = NO;
				CLANG_CXX_LANGUAGE_STANDARD = "gnu++0x";
				CLANG_CXX_LIBRARY = "libc++";
				CLANG_ENABLE_MODULES = YES;
				CLANG_ENABLE_OBJC_ARC = YES;
				CLANG_WARN_BOOL_CONVERSION = YES;
				CLANG_WARN_CONSTANT_CONVERSION = YES;
				CLANG_WARN_DIRECT_OBJC_ISA_USAGE = YES_ERROR;
				CLANG_WARN_EMPTY_BODY = YES;
				CLANG_WARN_ENUM_CONVERSION = YES;
				CLANG_WARN_INT_CONVERSION = YES;
				CLANG_WARN_OBJC_ROOT_CLASS = YES_ERROR;
				CLANG_WARN_UNREACHABLE_CODE = YES;
				CLANG_WARN__DUPLICATE_METHOD_MATCH = YES;
				"CODE_SIGN_IDENTITY[sdk=iphoneos*]" = "iPhone Developer";
				COPY_PHASE_STRIP = YES;
				ENABLE_NS_ASSERTIONS = NO;
				ENABLE_STRICT_OBJC_MSGSEND = YES;
				GCC_C_LANGUAGE_STANDARD = gnu99;
				GCC_WARN_64_TO_32_BIT_CONVERSION = YES;
				GCC_WARN_ABOUT_RETURN_TYPE = YES_ERROR;
				GCC_WARN_UNDECLARED_SELECTOR = YES;
				GCC_WARN_UNINITIALIZED_AUTOS = YES_AGGRESSIVE;
				GCC_WARN_UNUSED_FUNCTION = YES;
				GCC_WARN_UNUSED_VARIABLE = YES;
				IPHONEOS_DEPLOYMENT_TARGET = 8.0;
				MTL_ENABLE_DEBUG_INFO = NO;
				SDKROOT = iphoneos;
				TARGETED_DEVICE_FAMILY = "1,2";
				VALIDATE_PRODUCT = YES;
			};
			name = Release;
		};
		1B1670BE19AC42A900B7737A /* Debug */ = {
			isa = XCBuildConfiguration;
			buildSettings = {
				ASSETCATALOG_COMPILER_APPICON_NAME = AppIcon;
				ASSETCATALOG_COMPILER_LAUNCHIMAGE_NAME = LaunchImage;
				INFOPLIST_FILE = MyFirstApp/Info.plist;
				LD_RUNPATH_SEARCH_PATHS = "$(inherited) @executable_path/Frameworks";
				PRODUCT_NAME = "$(TARGET_NAME)";
			};
			name = Debug;
		};
		1B1670BF19AC42A900B7737A /* Release */ = {
			isa = XCBuildConfiguration;
			buildSettings = {
				ASSETCATALOG_COMPILER_APPICON_NAME = AppIcon;
				ASSETCATALOG_COMPILER_LAUNCHIMAGE_NAME = LaunchImage;
				INFOPLIST_FILE = MyFirstApp/Info.plist;
				LD_RUNPATH_SEARCH_PATHS = "$(inherited) @executable_path/Frameworks";
				PRODUCT_NAME = "$(TARGET_NAME)";
			};
			name = Release;
		};
		1B1670C119AC42A900B7737A /* Debug */ = {
			isa = XCBuildConfiguration;
			buildSettings = {
				BUNDLE_LOADER = "$(TEST_HOST)";
				FRAMEWORK_SEARCH_PATHS = (
					"$(SDKROOT)/Developer/Library/Frameworks",
					"$(inherited)",
				);
				GCC_PREPROCESSOR_DEFINITIONS = (
					"DEBUG=1",
					"$(inherited)",
				);
				INFOPLIST_FILE = MyFirstAppTests/Info.plist;
				LD_RUNPATH_SEARCH_PATHS = "$(inherited) @executable_path/Frameworks @loader_path/Frameworks";
				PRODUCT_NAME = "$(TARGET_NAME)";
				TEST_HOST = "$(BUILT_PRODUCTS_DIR)/MyFirstApp.app/MyFirstApp";
			};
			name = Debug;
		};
		1B1670C219AC42A900B7737A /* Release */ = {
			isa = XCBuildConfiguration;
			buildSettings = {
				BUNDLE_LOADER = "$(TEST_HOST)";
				FRAMEWORK_SEARCH_PATHS = (
					"$(SDKROOT)/Developer/Library/Frameworks",
					"$(inherited)",
				);
				INFOPLIST_FILE = MyFirstAppTests/Info.plist;
				LD_RUNPATH_SEARCH_PATHS = "$(inherited) @executable_path/Frameworks @loader_path/Frameworks";
				PRODUCT_NAME = "$(TARGET_NAME)";
				TEST_HOST = "$(BUILT_PRODUCTS_DIR)/MyFirstApp.app/MyFirstApp";
			};
			name = Release;
		};
/* End XCBuildConfiguration section */

/* Begin XCConfigurationList section */
		1B16709C19AC42A900B7737A /* Build configuration list for PBXProject "MyFirstApp" */ = {
			isa = XCConfigurationList;
			buildConfigurations = (
				1B1670BB19AC42A900B7737A /* Debug */,
				1B1670BC19AC42A900B7737A /* Release */,
			);
			defaultConfigurationIsVisible = 0;
			defaultConfigurationName = Release;
		};
		1B1670BD19AC42A900B7737A /* Build configuration list for PBXNativeTarget "MyFirstApp" */ = {
			isa = XCConfigurationList;
			buildConfigurations = (
				1B1670BE19AC42A900B7737A /* Debug */,
				1B1670BF19AC42A900B7737A /* Release */,
			);
			defaultConfigurationIsVisible = 0;
		};
		1B1670C019AC42A900B7737A /* Build configuration list for PBXNativeTarget "MyFirstAppTests" */ = {
			isa = XCConfigurationList;
			buildConfigurations = (
				1B1670C119AC42A900B7737A /* Debug */,
				1B1670C219AC42A900B7737A /* Release */,
			);
			defaultConfigurationIsVisible = 0;
		};
/* End XCConfigurationList section */
	};
	rootObject = 1B16709919AC42A900B7737A /* Project object */;
}
